
Microsoft Visual Studio Solution File, Format Version 12.00
# Visual Studio Version 17
VisualStudioVersion = 17.13.35825.156 d17.13
MinimumVisualStudioVersion = 10.0.40219.1
Project("{FAE04EC0-301F-11D3-BF4B-00C04F79EFBC}") = "StoreKeeper", "StoreKeeper.csproj", "{9DD96FFA-30AA-44B9-8120-E31FE6EF5AB1}"
EndProject
Global
	GlobalSection(SolutionConfigurationPlatforms) = preSolution
		Debug|Any CPU = Debug|Any CPU
		Release|Any CPU = Release|Any CPU
	EndGlobalSection
	GlobalSection(ProjectConfigurationPlatforms) = postSolution
		{9DD96FFA-30AA-44B9-8120-E31FE6EF5AB1}.Debug|Any CPU.ActiveCfg = Debug|Any CPU
		{9DD96FFA-30AA-44B9-8120-E31FE6EF5AB1}.Debug|Any CPU.Build.0 = Debug|Any CPU
		{9DD96FFA-30AA-44B9-8120-E31FE6EF5AB1}.Release|Any CPU.ActiveCfg = Release|Any CPU
		{9DD96FFA-30AA-44B9-8120-E31FE6EF5AB1}.Release|Any CPU.Build.0 = Release|Any CPU
	EndGlobalSection
	GlobalSection(SolutionProperties) = preSolution
		HideSolutionNode = FALSE
	EndGlobalSection
	GlobalSection(ExtensibilityGlobals) = postSolution
		SolutionGuid = {68729D6F-D418-4457-98EB-AC07CE15DB67}
	EndGlobalSection
EndGlobal
